<?xml version="1.0" encoding="utf-8"?>
<Project ToolsVersion="15.0" xmlns="http://schemas.microsoft.com/developer/msbuild/2003">
  <ItemGroup>
    <ClCompile Include="F:\Downloads\Dev\CG\OpenFlex\sources\controls.cpp">
      <Filter>Source Files</Filter>
    </ClCompile>
    <ClCompile Include="F:\Downloads\Dev\CG\OpenFlex\sources\objloader.cpp">
      <Filter>Source Files</Filter>
    </ClCompile>
    <ClCompile Include="F:\Downloads\Dev\CG\OpenFlex\sources\quaternion_utils.cpp">
      <Filter>Source Files</Filter>
    </ClCompile>
    <ClCompile Include="F:\Downloads\Dev\CG\OpenFlex\sources\shader.cpp">
      <Filter>Source Files</Filter>
    </ClCompile>
    <ClCompile Include="F:\Downloads\Dev\CG\OpenFlex\sources\tangentspace.cpp">
      <Filter>Source Files</Filter>
    </ClCompile>
    <ClCompile Include="F:\Downloads\Dev\CG\OpenFlex\sources\text2D.cpp">
      <Filter>Source Files</Filter>
    </ClCompile>
    <ClCompile Include="F:\Downloads\Dev\CG\OpenFlex\sources\texture.cpp">
      <Filter>Source Files</Filter>
    </ClCompile>
    <ClCompile Include="F:\Downloads\Dev\CG\OpenFlex\sources\vboindexer.cpp">
      <Filter>Source Files</Filter>
    </ClCompile>
    <ClCompile Include="F:\Downloads\Dev\CG\OpenFlex\sources\glerror.cpp">
      <Filter>Source Files</Filter>
    </ClCompile>
    <ClCompile Include="sources\pbf.cpp">
      <Filter>Source Files</Filter>
    </ClCompile>
    <ClCompile Include="sources\main.cpp">
      <Filter>Source Files</Filter>
    </ClCompile>
  </ItemGroup>
  <ItemGroup>
    <ClInclude Include="F:\Downloads\Dev\CG\OpenFlex\include\controls.hpp">
      <Filter>Header Files</Filter>
    </ClInclude>
    <ClInclude Include="F:\Downloads\Dev\CG\OpenFlex\include\objloader.hpp">
      <Filter>Header Files</Filter>
    </ClInclude>
    <ClInclude Include="F:\Downloads\Dev\CG\OpenFlex\include\quaternion_utils.hpp">
      <Filter>Header Files</Filter>
    </ClInclude>
    <ClInclude Include="F:\Downloads\Dev\CG\OpenFlex\include\shader.hpp">
      <Filter>Header Files</Filter>
    </ClInclude>
    <ClInclude Include="F:\Downloads\Dev\CG\OpenFlex\include\tangentspace.hpp">
      <Filter>Header Files</Filter>
    </ClInclude>
    <ClInclude Include="F:\Downloads\Dev\CG\OpenFlex\include\text2D.hpp">
      <Filter>Header Files</Filter>
    </ClInclude>
    <ClInclude Include="F:\Downloads\Dev\CG\OpenFlex\include\texture.hpp">
      <Filter>Header Files</Filter>
    </ClInclude>
    <ClInclude Include="F:\Downloads\Dev\CG\OpenFlex\include\vboindexer.hpp">
      <Filter>Header Files</Filter>
    </ClInclude>
    <ClInclude Include="F:\Downloads\Dev\CG\OpenFlex\include\glerror.hpp">
      <Filter>Header Files</Filter>
    </ClInclude>
  </ItemGroup>
  <ItemGroup>
    <CustomBuild Include="F:\Downloads\Dev\CG\OpenFlex\CMakeLists.txt" />
  </ItemGroup>
  <ItemGroup>
    <Filter Include="Source Files">
      <UniqueIdentifier>{0398E5E0-2DB6-3A37-8847-91A2A4DB9487}</UniqueIdentifier>
    </Filter>
    <Filter Include="Header Files">
      <UniqueIdentifier>{0EF62947-D7F8-3374-9125-0690FA6CF0FB}</UniqueIdentifier>
    </Filter>
  </ItemGroup>
</Project>