Microsoft Visual Studio Solution File, Format Version 12.00
# Visual Studio 15
Project("{8BC9CEB8-8B4A-11D0-8D11-00A0C91BC942}") = "ALL_BUILD", "ALL_BUILD.vcxproj", "{45A0A4EF-8EA7-3810-BE32-E4949112DD2B}"
	ProjectSection(ProjectDependencies) = postProject
		{6D28653E-EBC3-3040-A6FA-28ED33E2B985} = {6D28653E-EBC3-3040-A6FA-28ED33E2B985}
		{692BAE95-EEFF-3431-9436-39C23FFE0524} = {692BAE95-EEFF-3431-9436-39C23FFE0524}
		{AD9AE6AF-C3AA-3096-B639-E7964E63DB80} = {AD9AE6AF-C3AA-3096-B639-E7964E63DB80}
		{CE32A7E4-B0B3-3153-A956-61B0972D7645} = {CE32A7E4-B0B3-3153-A956-61B0972D7645}
		{1D6BC048-A7FE-31BA-A26D-6CCF8FE73D26} = {1D6BC048-A7FE-31BA-A26D-6CCF8FE73D26}
		{D4D5BA8D-5986-3C42-9D91-104EBBE7B4AF} = {D4D5BA8D-5986-3C42-9D91-104EBBE7B4AF}
		{1B11CBC2-36AA-308E-A715-1F5680DCE6B5} = {1B11CBC2-36AA-308E-A715-1F5680DCE6B5}
	EndProjectSection
EndProject
Project("{8BC9CEB8-8B4A-11D0-8D11-00A0C91BC942}") = "ANTTWEAKBAR_116_OGLCORE_GLFW", "external\ANTTWEAKBAR_116_OGLCORE_GLFW.vcxproj", "{6D28653E-EBC3-3040-A6FA-28ED33E2B985}"
	ProjectSection(ProjectDependencies) = postProject
		{1D6BC048-A7FE-31BA-A26D-6CCF8FE73D26} = {1D6BC048-A7FE-31BA-A26D-6CCF8FE73D26}
	EndProjectSection
EndProject
Project("{8BC9CEB8-8B4A-11D0-8D11-00A0C91BC942}") = "CG_UFFS", "CG_UFFS.vcxproj", "{692BAE95-EEFF-3431-9436-39C23FFE0524}"
	ProjectSection(ProjectDependencies) = postProject
		{6D28653E-EBC3-3040-A6FA-28ED33E2B985} = {6D28653E-EBC3-3040-A6FA-28ED33E2B985}
		{AD9AE6AF-C3AA-3096-B639-E7964E63DB80} = {AD9AE6AF-C3AA-3096-B639-E7964E63DB80}
		{CE32A7E4-B0B3-3153-A956-61B0972D7645} = {CE32A7E4-B0B3-3153-A956-61B0972D7645}
		{1D6BC048-A7FE-31BA-A26D-6CCF8FE73D26} = {1D6BC048-A7FE-31BA-A26D-6CCF8FE73D26}
		{D4D5BA8D-5986-3C42-9D91-104EBBE7B4AF} = {D4D5BA8D-5986-3C42-9D91-104EBBE7B4AF}
		{1B11CBC2-36AA-308E-A715-1F5680DCE6B5} = {1B11CBC2-36AA-308E-A715-1F5680DCE6B5}
	EndProjectSection
EndProject
Project("{8BC9CEB8-8B4A-11D0-8D11-00A0C91BC942}") = "GLEW_190", "external\GLEW_190.vcxproj", "{AD9AE6AF-C3AA-3096-B639-E7964E63DB80}"
	ProjectSection(ProjectDependencies) = postProject
		{1D6BC048-A7FE-31BA-A26D-6CCF8FE73D26} = {1D6BC048-A7FE-31BA-A26D-6CCF8FE73D26}
	EndProjectSection
EndProject
Project("{8BC9CEB8-8B4A-11D0-8D11-00A0C91BC942}") = "GLFW_303", "external\glfw-3.0.3\src\GLFW_303.vcxproj", "{CE32A7E4-B0B3-3153-A956-61B0972D7645}"
	ProjectSection(ProjectDependencies) = postProject
		{1D6BC048-A7FE-31BA-A26D-6CCF8FE73D26} = {1D6BC048-A7FE-31BA-A26D-6CCF8FE73D26}
	EndProjectSection
EndProject
Project("{8BC9CEB8-8B4A-11D0-8D11-00A0C91BC942}") = "INSTALL", "INSTALL.vcxproj", "{9DE1F31A-E75B-3AED-A9D8-8FE6AB348A7F}"
	ProjectSection(ProjectDependencies) = postProject
		{45A0A4EF-8EA7-3810-BE32-E4949112DD2B} = {45A0A4EF-8EA7-3810-BE32-E4949112DD2B}
		{1D6BC048-A7FE-31BA-A26D-6CCF8FE73D26} = {1D6BC048-A7FE-31BA-A26D-6CCF8FE73D26}
	EndProjectSection
EndProject
Project("{8BC9CEB8-8B4A-11D0-8D11-00A0C91BC942}") = "ZERO_CHECK", "ZERO_CHECK.vcxproj", "{1D6BC048-A7FE-31BA-A26D-6CCF8FE73D26}"
	ProjectSection(ProjectDependencies) = postProject
	EndProjectSection
EndProject
Project("{8BC9CEB8-8B4A-11D0-8D11-00A0C91BC942}") = "assimp", "external\assimp-3.0.1270\code\assimp.vcxproj", "{D4D5BA8D-5986-3C42-9D91-104EBBE7B4AF}"
	ProjectSection(ProjectDependencies) = postProject
		{1D6BC048-A7FE-31BA-A26D-6CCF8FE73D26} = {1D6BC048-A7FE-31BA-A26D-6CCF8FE73D26}
		{1B11CBC2-36AA-308E-A715-1F5680DCE6B5} = {1B11CBC2-36AA-308E-A715-1F5680DCE6B5}
	EndProjectSection
EndProject
Project("{8BC9CEB8-8B4A-11D0-8D11-00A0C91BC942}") = "zlib", "external\assimp-3.0.1270\contrib\zlib\zlib.vcxproj", "{1B11CBC2-36AA-308E-A715-1F5680DCE6B5}"
	ProjectSection(ProjectDependencies) = postProject
		{1D6BC048-A7FE-31BA-A26D-6CCF8FE73D26} = {1D6BC048-A7FE-31BA-A26D-6CCF8FE73D26}
	EndProjectSection
EndProject
Global
	GlobalSection(SolutionConfigurationPlatforms) = preSolution
		Debug|Win32 = Debug|Win32
		Release|Win32 = Release|Win32
		MinSizeRel|Win32 = MinSizeRel|Win32
		RelWithDebInfo|Win32 = RelWithDebInfo|Win32
	EndGlobalSection
	GlobalSection(ProjectConfigurationPlatforms) = postSolution
		{45A0A4EF-8EA7-3810-BE32-E4949112DD2B}.Debug|Win32.ActiveCfg = Debug|Win32
		{45A0A4EF-8EA7-3810-BE32-E4949112DD2B}.Debug|Win32.Build.0 = Debug|Win32
		{45A0A4EF-8EA7-3810-BE32-E4949112DD2B}.Release|Win32.ActiveCfg = Release|Win32
		{45A0A4EF-8EA7-3810-BE32-E4949112DD2B}.Release|Win32.Build.0 = Release|Win32
		{45A0A4EF-8EA7-3810-BE32-E4949112DD2B}.MinSizeRel|Win32.ActiveCfg = MinSizeRel|Win32
		{45A0A4EF-8EA7-3810-BE32-E4949112DD2B}.MinSizeRel|Win32.Build.0 = MinSizeRel|Win32
		{45A0A4EF-8EA7-3810-BE32-E4949112DD2B}.RelWithDebInfo|Win32.ActiveCfg = RelWithDebInfo|Win32
		{45A0A4EF-8EA7-3810-BE32-E4949112DD2B}.RelWithDebInfo|Win32.Build.0 = RelWithDebInfo|Win32
		{6D28653E-EBC3-3040-A6FA-28ED33E2B985}.Debug|Win32.ActiveCfg = Debug|Win32
		{6D28653E-EBC3-3040-A6FA-28ED33E2B985}.Debug|Win32.Build.0 = Debug|Win32
		{6D28653E-EBC3-3040-A6FA-28ED33E2B985}.Release|Win32.ActiveCfg = Release|Win32
		{6D28653E-EBC3-3040-A6FA-28ED33E2B985}.Release|Win32.Build.0 = Release|Win32
		{6D28653E-EBC3-3040-A6FA-28ED33E2B985}.MinSizeRel|Win32.ActiveCfg = MinSizeRel|Win32
		{6D28653E-EBC3-3040-A6FA-28ED33E2B985}.MinSizeRel|Win32.Build.0 = MinSizeRel|Win32
		{6D28653E-EBC3-3040-A6FA-28ED33E2B985}.RelWithDebInfo|Win32.ActiveCfg = RelWithDebInfo|Win32
		{6D28653E-EBC3-3040-A6FA-28ED33E2B985}.RelWithDebInfo|Win32.Build.0 = RelWithDebInfo|Win32
		{692BAE95-EEFF-3431-9436-39C23FFE0524}.Debug|Win32.ActiveCfg = Debug|Win32
		{692BAE95-EEFF-3431-9436-39C23FFE0524}.Debug|Win32.Build.0 = Debug|Win32
		{692BAE95-EEFF-3431-9436-39C23FFE0524}.Release|Win32.ActiveCfg = Release|Win32
		{692BAE95-EEFF-3431-9436-39C23FFE0524}.Release|Win32.Build.0 = Release|Win32
		{692BAE95-EEFF-3431-9436-39C23FFE0524}.MinSizeRel|Win32.ActiveCfg = MinSizeRel|Win32
		{692BAE95-EEFF-3431-9436-39C23FFE0524}.MinSizeRel|Win32.Build.0 = MinSizeRel|Win32
		{692BAE95-EEFF-3431-9436-39C23FFE0524}.RelWithDebInfo|Win32.ActiveCfg = RelWithDebInfo|Win32
		{692BAE95-EEFF-3431-9436-39C23FFE0524}.RelWithDebInfo|Win32.Build.0 = RelWithDebInfo|Win32
		{AD9AE6AF-C3AA-3096-B639-E7964E63DB80}.Debug|Win32.ActiveCfg = Debug|Win32
		{AD9AE6AF-C3AA-3096-B639-E7964E63DB80}.Debug|Win32.Build.0 = Debug|Win32
		{AD9AE6AF-C3AA-3096-B639-E7964E63DB80}.Release|Win32.ActiveCfg = Release|Win32
		{AD9AE6AF-C3AA-3096-B639-E7964E63DB80}.Release|Win32.Build.0 = Release|Win32
		{AD9AE6AF-C3AA-3096-B639-E7964E63DB80}.MinSizeRel|Win32.ActiveCfg = MinSizeRel|Win32
		{AD9AE6AF-C3AA-3096-B639-E7964E63DB80}.MinSizeRel|Win32.Build.0 = MinSizeRel|Win32
		{AD9AE6AF-C3AA-3096-B639-E7964E63DB80}.RelWithDebInfo|Win32.ActiveCfg = RelWithDebInfo|Win32
		{AD9AE6AF-C3AA-3096-B639-E7964E63DB80}.RelWithDebInfo|Win32.Build.0 = RelWithDebInfo|Win32
		{CE32A7E4-B0B3-3153-A956-61B0972D7645}.Debug|Win32.ActiveCfg = Debug|Win32
		{CE32A7E4-B0B3-3153-A956-61B0972D7645}.Debug|Win32.Build.0 = Debug|Win32
		{CE32A7E4-B0B3-3153-A956-61B0972D7645}.Release|Win32.ActiveCfg = Release|Win32
		{CE32A7E4-B0B3-3153-A956-61B0972D7645}.Release|Win32.Build.0 = Release|Win32
		{CE32A7E4-B0B3-3153-A956-61B0972D7645}.MinSizeRel|Win32.ActiveCfg = MinSizeRel|Win32
		{CE32A7E4-B0B3-3153-A956-61B0972D7645}.MinSizeRel|Win32.Build.0 = MinSizeRel|Win32
		{CE32A7E4-B0B3-3153-A956-61B0972D7645}.RelWithDebInfo|Win32.ActiveCfg = RelWithDebInfo|Win32
		{CE32A7E4-B0B3-3153-A956-61B0972D7645}.RelWithDebInfo|Win32.Build.0 = RelWithDebInfo|Win32
		{9DE1F31A-E75B-3AED-A9D8-8FE6AB348A7F}.Debug|Win32.ActiveCfg = Debug|Win32
		{9DE1F31A-E75B-3AED-A9D8-8FE6AB348A7F}.Release|Win32.ActiveCfg = Release|Win32
		{9DE1F31A-E75B-3AED-A9D8-8FE6AB348A7F}.MinSizeRel|Win32.ActiveCfg = MinSizeRel|Win32
		{9DE1F31A-E75B-3AED-A9D8-8FE6AB348A7F}.RelWithDebInfo|Win32.ActiveCfg = RelWithDebInfo|Win32
		{1D6BC048-A7FE-31BA-A26D-6CCF8FE73D26}.Debug|Win32.ActiveCfg = Debug|Win32
		{1D6BC048-A7FE-31BA-A26D-6CCF8FE73D26}.Debug|Win32.Build.0 = Debug|Win32
		{1D6BC048-A7FE-31BA-A26D-6CCF8FE73D26}.Release|Win32.ActiveCfg = Release|Win32
		{1D6BC048-A7FE-31BA-A26D-6CCF8FE73D26}.Release|Win32.Build.0 = Release|Win32
		{1D6BC048-A7FE-31BA-A26D-6CCF8FE73D26}.MinSizeRel|Win32.ActiveCfg = MinSizeRel|Win32
		{1D6BC048-A7FE-31BA-A26D-6CCF8FE73D26}.MinSizeRel|Win32.Build.0 = MinSizeRel|Win32
		{1D6BC048-A7FE-31BA-A26D-6CCF8FE73D26}.RelWithDebInfo|Win32.ActiveCfg = RelWithDebInfo|Win32
		{1D6BC048-A7FE-31BA-A26D-6CCF8FE73D26}.RelWithDebInfo|Win32.Build.0 = RelWithDebInfo|Win32
		{D4D5BA8D-5986-3C42-9D91-104EBBE7B4AF}.Debug|Win32.ActiveCfg = Debug|Win32
		{D4D5BA8D-5986-3C42-9D91-104EBBE7B4AF}.Debug|Win32.Build.0 = Debug|Win32
		{D4D5BA8D-5986-3C42-9D91-104EBBE7B4AF}.Release|Win32.ActiveCfg = Release|Win32
		{D4D5BA8D-5986-3C42-9D91-104EBBE7B4AF}.Release|Win32.Build.0 = Release|Win32
		{D4D5BA8D-5986-3C42-9D91-104EBBE7B4AF}.MinSizeRel|Win32.ActiveCfg = MinSizeRel|Win32
		{D4D5BA8D-5986-3C42-9D91-104EBBE7B4AF}.MinSizeRel|Win32.Build.0 = MinSizeRel|Win32
		{D4D5BA8D-5986-3C42-9D91-104EBBE7B4AF}.RelWithDebInfo|Win32.ActiveCfg = RelWithDebInfo|Win32
		{D4D5BA8D-5986-3C42-9D91-104EBBE7B4AF}.RelWithDebInfo|Win32.Build.0 = RelWithDebInfo|Win32
		{1B11CBC2-36AA-308E-A715-1F5680DCE6B5}.Debug|Win32.ActiveCfg = Debug|Win32
		{1B11CBC2-36AA-308E-A715-1F5680DCE6B5}.Debug|Win32.Build.0 = Debug|Win32
		{1B11CBC2-36AA-308E-A715-1F5680DCE6B5}.Release|Win32.ActiveCfg = Release|Win32
		{1B11CBC2-36AA-308E-A715-1F5680DCE6B5}.Release|Win32.Build.0 = Release|Win32
		{1B11CBC2-36AA-308E-A715-1F5680DCE6B5}.MinSizeRel|Win32.ActiveCfg = MinSizeRel|Win32
		{1B11CBC2-36AA-308E-A715-1F5680DCE6B5}.MinSizeRel|Win32.Build.0 = MinSizeRel|Win32
		{1B11CBC2-36AA-308E-A715-1F5680DCE6B5}.RelWithDebInfo|Win32.ActiveCfg = RelWithDebInfo|Win32
		{1B11CBC2-36AA-308E-A715-1F5680DCE6B5}.RelWithDebInfo|Win32.Build.0 = RelWithDebInfo|Win32
	EndGlobalSection
	GlobalSection(ExtensibilityGlobals) = postSolution
		SolutionGuid = {5268DD2C-0F11-39E9-9D62-994DC9922B85}
	EndGlobalSection
	GlobalSection(ExtensibilityAddIns) = postSolution
	EndGlobalSection
EndGlobal
