Microsoft Visual Studio Solution File, Format Version 12.00
# Visual Studio 15
Project("{8BC9CEB8-8B4A-11D0-8D11-00A0C91BC942}") = "ALL_BUILD", "ALL_BUILD.vcxproj", "{F121DFCC-5CED-35BD-AC1D-4C0F76135C2C}"
	ProjectSection(ProjectDependencies) = postProject
		{A445DF9B-1A51-30E4-B751-4EF6EA79C867} = {A445DF9B-1A51-30E4-B751-4EF6EA79C867}
		{2D6226D1-420C-31F2-B36A-49904DA25E0D} = {2D6226D1-420C-31F2-B36A-49904DA25E0D}
		{E7C2746E-68FF-325A-8952-DE3165F6F06D} = {E7C2746E-68FF-325A-8952-DE3165F6F06D}
		{C07A568C-8C64-3CB9-AABE-B0B3E331F491} = {C07A568C-8C64-3CB9-AABE-B0B3E331F491}
		{F4CC51FE-9958-3774-91F5-96C16036093F} = {F4CC51FE-9958-3774-91F5-96C16036093F}
		{E630E214-FFB8-3F97-AB07-B828AB2E3DA2} = {E630E214-FFB8-3F97-AB07-B828AB2E3DA2}
		{AD7265E7-BA65-39CC-ADE8-12DFCBDF9BD6} = {AD7265E7-BA65-39CC-ADE8-12DFCBDF9BD6}
	EndProjectSection
EndProject
Project("{8BC9CEB8-8B4A-11D0-8D11-00A0C91BC942}") = "ANTTWEAKBAR_116_OGLCORE_GLFW", "external\ANTTWEAKBAR_116_OGLCORE_GLFW.vcxproj", "{A445DF9B-1A51-30E4-B751-4EF6EA79C867}"
	ProjectSection(ProjectDependencies) = postProject
		{F4CC51FE-9958-3774-91F5-96C16036093F} = {F4CC51FE-9958-3774-91F5-96C16036093F}
	EndProjectSection
EndProject
Project("{8BC9CEB8-8B4A-11D0-8D11-00A0C91BC942}") = "CG_UFFS", "CG_UFFS.vcxproj", "{2D6226D1-420C-31F2-B36A-49904DA25E0D}"
	ProjectSection(ProjectDependencies) = postProject
		{A445DF9B-1A51-30E4-B751-4EF6EA79C867} = {A445DF9B-1A51-30E4-B751-4EF6EA79C867}
		{E7C2746E-68FF-325A-8952-DE3165F6F06D} = {E7C2746E-68FF-325A-8952-DE3165F6F06D}
		{C07A568C-8C64-3CB9-AABE-B0B3E331F491} = {C07A568C-8C64-3CB9-AABE-B0B3E331F491}
		{F4CC51FE-9958-3774-91F5-96C16036093F} = {F4CC51FE-9958-3774-91F5-96C16036093F}
		{E630E214-FFB8-3F97-AB07-B828AB2E3DA2} = {E630E214-FFB8-3F97-AB07-B828AB2E3DA2}
		{AD7265E7-BA65-39CC-ADE8-12DFCBDF9BD6} = {AD7265E7-BA65-39CC-ADE8-12DFCBDF9BD6}
	EndProjectSection
EndProject
Project("{8BC9CEB8-8B4A-11D0-8D11-00A0C91BC942}") = "GLEW_190", "external\GLEW_190.vcxproj", "{E7C2746E-68FF-325A-8952-DE3165F6F06D}"
	ProjectSection(ProjectDependencies) = postProject
		{F4CC51FE-9958-3774-91F5-96C16036093F} = {F4CC51FE-9958-3774-91F5-96C16036093F}
	EndProjectSection
EndProject
Project("{8BC9CEB8-8B4A-11D0-8D11-00A0C91BC942}") = "GLFW_303", "external\glfw-3.0.3\src\GLFW_303.vcxproj", "{C07A568C-8C64-3CB9-AABE-B0B3E331F491}"
	ProjectSection(ProjectDependencies) = postProject
		{F4CC51FE-9958-3774-91F5-96C16036093F} = {F4CC51FE-9958-3774-91F5-96C16036093F}
	EndProjectSection
EndProject
Project("{8BC9CEB8-8B4A-11D0-8D11-00A0C91BC942}") = "INSTALL", "INSTALL.vcxproj", "{0EC57C79-43A2-3AF6-8FA2-3EDE1B2117AF}"
	ProjectSection(ProjectDependencies) = postProject
		{F121DFCC-5CED-35BD-AC1D-4C0F76135C2C} = {F121DFCC-5CED-35BD-AC1D-4C0F76135C2C}
		{F4CC51FE-9958-3774-91F5-96C16036093F} = {F4CC51FE-9958-3774-91F5-96C16036093F}
	EndProjectSection
EndProject
Project("{8BC9CEB8-8B4A-11D0-8D11-00A0C91BC942}") = "ZERO_CHECK", "ZERO_CHECK.vcxproj", "{F4CC51FE-9958-3774-91F5-96C16036093F}"
	ProjectSection(ProjectDependencies) = postProject
	EndProjectSection
EndProject
Project("{8BC9CEB8-8B4A-11D0-8D11-00A0C91BC942}") = "assimp", "external\assimp-3.0.1270\code\assimp.vcxproj", "{E630E214-FFB8-3F97-AB07-B828AB2E3DA2}"
	ProjectSection(ProjectDependencies) = postProject
		{F4CC51FE-9958-3774-91F5-96C16036093F} = {F4CC51FE-9958-3774-91F5-96C16036093F}
		{AD7265E7-BA65-39CC-ADE8-12DFCBDF9BD6} = {AD7265E7-BA65-39CC-ADE8-12DFCBDF9BD6}
	EndProjectSection
EndProject
Project("{8BC9CEB8-8B4A-11D0-8D11-00A0C91BC942}") = "zlib", "external\assimp-3.0.1270\contrib\zlib\zlib.vcxproj", "{AD7265E7-BA65-39CC-ADE8-12DFCBDF9BD6}"
	ProjectSection(ProjectDependencies) = postProject
		{F4CC51FE-9958-3774-91F5-96C16036093F} = {F4CC51FE-9958-3774-91F5-96C16036093F}
	EndProjectSection
EndProject
Global
	GlobalSection(SolutionConfigurationPlatforms) = preSolution
		Debug|Win32 = Debug|Win32
		Release|Win32 = Release|Win32
		MinSizeRel|Win32 = MinSizeRel|Win32
		RelWithDebInfo|Win32 = RelWithDebInfo|Win32
	EndGlobalSection
	GlobalSection(ProjectConfigurationPlatforms) = postSolution
		{F121DFCC-5CED-35BD-AC1D-4C0F76135C2C}.Debug|Win32.ActiveCfg = Debug|Win32
		{F121DFCC-5CED-35BD-AC1D-4C0F76135C2C}.Debug|Win32.Build.0 = Debug|Win32
		{F121DFCC-5CED-35BD-AC1D-4C0F76135C2C}.Release|Win32.ActiveCfg = Release|Win32
		{F121DFCC-5CED-35BD-AC1D-4C0F76135C2C}.Release|Win32.Build.0 = Release|Win32
		{F121DFCC-5CED-35BD-AC1D-4C0F76135C2C}.MinSizeRel|Win32.ActiveCfg = MinSizeRel|Win32
		{F121DFCC-5CED-35BD-AC1D-4C0F76135C2C}.MinSizeRel|Win32.Build.0 = MinSizeRel|Win32
		{F121DFCC-5CED-35BD-AC1D-4C0F76135C2C}.RelWithDebInfo|Win32.ActiveCfg = RelWithDebInfo|Win32
		{F121DFCC-5CED-35BD-AC1D-4C0F76135C2C}.RelWithDebInfo|Win32.Build.0 = RelWithDebInfo|Win32
		{A445DF9B-1A51-30E4-B751-4EF6EA79C867}.Debug|Win32.ActiveCfg = Debug|Win32
		{A445DF9B-1A51-30E4-B751-4EF6EA79C867}.Debug|Win32.Build.0 = Debug|Win32
		{A445DF9B-1A51-30E4-B751-4EF6EA79C867}.Release|Win32.ActiveCfg = Release|Win32
		{A445DF9B-1A51-30E4-B751-4EF6EA79C867}.Release|Win32.Build.0 = Release|Win32
		{A445DF9B-1A51-30E4-B751-4EF6EA79C867}.MinSizeRel|Win32.ActiveCfg = MinSizeRel|Win32
		{A445DF9B-1A51-30E4-B751-4EF6EA79C867}.MinSizeRel|Win32.Build.0 = MinSizeRel|Win32
		{A445DF9B-1A51-30E4-B751-4EF6EA79C867}.RelWithDebInfo|Win32.ActiveCfg = RelWithDebInfo|Win32
		{A445DF9B-1A51-30E4-B751-4EF6EA79C867}.RelWithDebInfo|Win32.Build.0 = RelWithDebInfo|Win32
		{2D6226D1-420C-31F2-B36A-49904DA25E0D}.Debug|Win32.ActiveCfg = Debug|Win32
		{2D6226D1-420C-31F2-B36A-49904DA25E0D}.Debug|Win32.Build.0 = Debug|Win32
		{2D6226D1-420C-31F2-B36A-49904DA25E0D}.Release|Win32.ActiveCfg = Release|Win32
		{2D6226D1-420C-31F2-B36A-49904DA25E0D}.Release|Win32.Build.0 = Release|Win32
		{2D6226D1-420C-31F2-B36A-49904DA25E0D}.MinSizeRel|Win32.ActiveCfg = MinSizeRel|Win32
		{2D6226D1-420C-31F2-B36A-49904DA25E0D}.MinSizeRel|Win32.Build.0 = MinSizeRel|Win32
		{2D6226D1-420C-31F2-B36A-49904DA25E0D}.RelWithDebInfo|Win32.ActiveCfg = RelWithDebInfo|Win32
		{2D6226D1-420C-31F2-B36A-49904DA25E0D}.RelWithDebInfo|Win32.Build.0 = RelWithDebInfo|Win32
		{E7C2746E-68FF-325A-8952-DE3165F6F06D}.Debug|Win32.ActiveCfg = Debug|Win32
		{E7C2746E-68FF-325A-8952-DE3165F6F06D}.Debug|Win32.Build.0 = Debug|Win32
		{E7C2746E-68FF-325A-8952-DE3165F6F06D}.Release|Win32.ActiveCfg = Release|Win32
		{E7C2746E-68FF-325A-8952-DE3165F6F06D}.Release|Win32.Build.0 = Release|Win32
		{E7C2746E-68FF-325A-8952-DE3165F6F06D}.MinSizeRel|Win32.ActiveCfg = MinSizeRel|Win32
		{E7C2746E-68FF-325A-8952-DE3165F6F06D}.MinSizeRel|Win32.Build.0 = MinSizeRel|Win32
		{E7C2746E-68FF-325A-8952-DE3165F6F06D}.RelWithDebInfo|Win32.ActiveCfg = RelWithDebInfo|Win32
		{E7C2746E-68FF-325A-8952-DE3165F6F06D}.RelWithDebInfo|Win32.Build.0 = RelWithDebInfo|Win32
		{C07A568C-8C64-3CB9-AABE-B0B3E331F491}.Debug|Win32.ActiveCfg = Debug|Win32
		{C07A568C-8C64-3CB9-AABE-B0B3E331F491}.Debug|Win32.Build.0 = Debug|Win32
		{C07A568C-8C64-3CB9-AABE-B0B3E331F491}.Release|Win32.ActiveCfg = Release|Win32
		{C07A568C-8C64-3CB9-AABE-B0B3E331F491}.Release|Win32.Build.0 = Release|Win32
		{C07A568C-8C64-3CB9-AABE-B0B3E331F491}.MinSizeRel|Win32.ActiveCfg = MinSizeRel|Win32
		{C07A568C-8C64-3CB9-AABE-B0B3E331F491}.MinSizeRel|Win32.Build.0 = MinSizeRel|Win32
		{C07A568C-8C64-3CB9-AABE-B0B3E331F491}.RelWithDebInfo|Win32.ActiveCfg = RelWithDebInfo|Win32
		{C07A568C-8C64-3CB9-AABE-B0B3E331F491}.RelWithDebInfo|Win32.Build.0 = RelWithDebInfo|Win32
		{0EC57C79-43A2-3AF6-8FA2-3EDE1B2117AF}.Debug|Win32.ActiveCfg = Debug|Win32
		{0EC57C79-43A2-3AF6-8FA2-3EDE1B2117AF}.Release|Win32.ActiveCfg = Release|Win32
		{0EC57C79-43A2-3AF6-8FA2-3EDE1B2117AF}.MinSizeRel|Win32.ActiveCfg = MinSizeRel|Win32
		{0EC57C79-43A2-3AF6-8FA2-3EDE1B2117AF}.RelWithDebInfo|Win32.ActiveCfg = RelWithDebInfo|Win32
		{F4CC51FE-9958-3774-91F5-96C16036093F}.Debug|Win32.ActiveCfg = Debug|Win32
		{F4CC51FE-9958-3774-91F5-96C16036093F}.Debug|Win32.Build.0 = Debug|Win32
		{F4CC51FE-9958-3774-91F5-96C16036093F}.Release|Win32.ActiveCfg = Release|Win32
		{F4CC51FE-9958-3774-91F5-96C16036093F}.Release|Win32.Build.0 = Release|Win32
		{F4CC51FE-9958-3774-91F5-96C16036093F}.MinSizeRel|Win32.ActiveCfg = MinSizeRel|Win32
		{F4CC51FE-9958-3774-91F5-96C16036093F}.MinSizeRel|Win32.Build.0 = MinSizeRel|Win32
		{F4CC51FE-9958-3774-91F5-96C16036093F}.RelWithDebInfo|Win32.ActiveCfg = RelWithDebInfo|Win32
		{F4CC51FE-9958-3774-91F5-96C16036093F}.RelWithDebInfo|Win32.Build.0 = RelWithDebInfo|Win32
		{E630E214-FFB8-3F97-AB07-B828AB2E3DA2}.Debug|Win32.ActiveCfg = Debug|Win32
		{E630E214-FFB8-3F97-AB07-B828AB2E3DA2}.Debug|Win32.Build.0 = Debug|Win32
		{E630E214-FFB8-3F97-AB07-B828AB2E3DA2}.Release|Win32.ActiveCfg = Release|Win32
		{E630E214-FFB8-3F97-AB07-B828AB2E3DA2}.Release|Win32.Build.0 = Release|Win32
		{E630E214-FFB8-3F97-AB07-B828AB2E3DA2}.MinSizeRel|Win32.ActiveCfg = MinSizeRel|Win32
		{E630E214-FFB8-3F97-AB07-B828AB2E3DA2}.MinSizeRel|Win32.Build.0 = MinSizeRel|Win32
		{E630E214-FFB8-3F97-AB07-B828AB2E3DA2}.RelWithDebInfo|Win32.ActiveCfg = RelWithDebInfo|Win32
		{E630E214-FFB8-3F97-AB07-B828AB2E3DA2}.RelWithDebInfo|Win32.Build.0 = RelWithDebInfo|Win32
		{AD7265E7-BA65-39CC-ADE8-12DFCBDF9BD6}.Debug|Win32.ActiveCfg = Debug|Win32
		{AD7265E7-BA65-39CC-ADE8-12DFCBDF9BD6}.Debug|Win32.Build.0 = Debug|Win32
		{AD7265E7-BA65-39CC-ADE8-12DFCBDF9BD6}.Release|Win32.ActiveCfg = Release|Win32
		{AD7265E7-BA65-39CC-ADE8-12DFCBDF9BD6}.Release|Win32.Build.0 = Release|Win32
		{AD7265E7-BA65-39CC-ADE8-12DFCBDF9BD6}.MinSizeRel|Win32.ActiveCfg = MinSizeRel|Win32
		{AD7265E7-BA65-39CC-ADE8-12DFCBDF9BD6}.MinSizeRel|Win32.Build.0 = MinSizeRel|Win32
		{AD7265E7-BA65-39CC-ADE8-12DFCBDF9BD6}.RelWithDebInfo|Win32.ActiveCfg = RelWithDebInfo|Win32
		{AD7265E7-BA65-39CC-ADE8-12DFCBDF9BD6}.RelWithDebInfo|Win32.Build.0 = RelWithDebInfo|Win32
	EndGlobalSection
	GlobalSection(ExtensibilityGlobals) = postSolution
		SolutionGuid = {2964A7DA-B696-332F-9973-1079DA4CAD71}
	EndGlobalSection
	GlobalSection(ExtensibilityAddIns) = postSolution
	EndGlobalSection
EndGlobal
