<?xml version="1.0" encoding="UTF-8"?>
<Project ToolsVersion="15.0" xmlns="http://schemas.microsoft.com/developer/msbuild/2003">
  <ItemGroup>
    <CustomBuild Include="C:\Users\nicol\Downloads\Dev\TCC\OpenFlex\CMakeFiles\fbf885e4565aaeed94738591d8a44e12\INSTALL_force.rule">
      <Filter>CMake Rules</Filter>
    </CustomBuild>
  </ItemGroup>
  <ItemGroup>
    <Filter Include="CMake Rules">
      <UniqueIdentifier>{F5572481-546E-300B-9ADF-81BE38CDA754}</UniqueIdentifier>
    </Filter>
  </ItemGroup>
</Project>
